
Microsoft Visual Studio Solution File, Format Version 12.00
# Visual Studio 2012
Project("{FAE04EC0-301F-11D3-BF4B-00C04F79EFBC}") = "MicroMail", "MicroMail.csproj", "{E6C5EA8B-E2A1-4EE3-96A5-03BC59F8BF94}"
EndProject
Project("{FAE04EC0-301F-11D3-BF4B-00C04F79EFBC}") = "MicroMailTests", "..\MicroMailTests\MicroMailTests.csproj", "{0EBB6104-079F-4807-A63B-CA27A7D4C761}"
	ProjectSection(ProjectDependencies) = postProject
		{E6C5EA8B-E2A1-4EE3-96A5-03BC59F8BF94} = {E6C5EA8B-E2A1-4EE3-96A5-03BC59F8BF94}
	EndProjectSection
EndProject
Global
	GlobalSection(SolutionConfigurationPlatforms) = preSolution
		Debug|Any CPU = Debug|Any CPU
		Release|Any CPU = Release|Any CPU
	EndGlobalSection
	GlobalSection(ProjectConfigurationPlatforms) = postSolution
		{E6C5EA8B-E2A1-4EE3-96A5-03BC59F8BF94}.Debug|Any CPU.ActiveCfg = Debug|Any CPU
		{E6C5EA8B-E2A1-4EE3-96A5-03BC59F8BF94}.Debug|Any CPU.Build.0 = Debug|Any CPU
		{E6C5EA8B-E2A1-4EE3-96A5-03BC59F8BF94}.Release|Any CPU.ActiveCfg = Release|Any CPU
		{E6C5EA8B-E2A1-4EE3-96A5-03BC59F8BF94}.Release|Any CPU.Build.0 = Release|Any CPU
		{0EBB6104-079F-4807-A63B-CA27A7D4C761}.Debug|Any CPU.ActiveCfg = Debug|Any CPU
		{0EBB6104-079F-4807-A63B-CA27A7D4C761}.Debug|Any CPU.Build.0 = Debug|Any CPU
		{0EBB6104-079F-4807-A63B-CA27A7D4C761}.Release|Any CPU.ActiveCfg = Release|Any CPU
		{0EBB6104-079F-4807-A63B-CA27A7D4C761}.Release|Any CPU.Build.0 = Release|Any CPU
	EndGlobalSection
	GlobalSection(SolutionProperties) = preSolution
		HideSolutionNode = FALSE
	EndGlobalSection
EndGlobal
